{
    "_meta": {
        "hash": {
            "sha256": "2ea3b2c23d753f1163e1a771119f4e03967834c0c2aff308c3067c7aa6a00d01"
        },
        "pipfile-spec": 6,
        "requires": {
            "python_version": "3.13"
        },
        "sources": [
            {
                "name": "pypi",
                "url": "https://pypi.org/simple",
                "verify_ssl": true
            }
        ]
    },
    "default": {},
    "develop": {}
}
